github.com/beorn7/perks v1.0.1 h1:VlbKKnNfV8bJzeqoa4cOKqO6bYr3WgKZxO8Z16+hsOM=
github.com/beorn7/perks v1.0.1/go.mod h1:G2ZrVWU2WbWT9wwq4/hrbKbnv/1ERSJQ0ibhJ6rlkpw=
github.com/bsm/ginkgo/v2 v2.12.0 h1:Ny8MWAHyOepLGlLKYmXG4IEkioBysk6GpaRTLC8zwWs=
github.com/bsm/ginkgo/v2 v2.12.0/go.mod h1:SwYbGRRDovPVboqFv0tPTcG1sN61LM1Z4ARdbAV9g4c=
github.com/bsm/gomega v1.27.10 h1:yeMWxP2pV2fG3FgAODIY8EiRE3dy0aeFYt4l7wh6yKA=
github.com/bsm/gomega v1.27.10/go.mod h1:JyEr/xRbxbtgWNi8tIEVPUYZ5Dzef52k01W3YH0H+O0=
github.com/cenkalti/backoff/v5 v5.0.3 h1:ZN+IMa753KfX5hd8vVaMixjnqRZ3y8CuJKRKj1xcsSM=
github.com/cenkalti/backoff/v5 v5.0.3/go.mod h1:rkhZdG3JZukswDf7f0cwqPNk4K0sa+F97BxZthm/crw=
github.com/cespare/xxhash/v2 v2.3.0 h1:UL815xU9SqsFlibzuggzjXhog7bL6oX9BbNZnL2UFvs=
github.com/cespare/xxhash/v2 v2.3.0/go.mod h1:VGX0DQ3Q6kWi7AoAeZDth3/j3BFtOZR5XLFGgcrjCOs=
github.com/davecgh/go-spew v1.1.1 h1:vj9j/u1bqnvCEfJOwUhtlOARqs3+rkHYY13jYWTU97c=
github.com/davecgh/go-spew v1.1.1/go.mod h1:J7Y8YcW2NihsgmVo/mv3lAwl/skON4iLHjSsI+c5H38=
github.com/dgryski/go-rendezvous v0.0.0-20200823014737-9f7001d12a5f h1:lO4WD4F/rVNCu3HqELle0jiPLLBs70cWOduZpkS1E78=
github.com/dgryski/go-rendezvous v0.0.0-20200823014737-9f7001d12a5f/go.mod h1:cuUVRXasLTGF7a8hSLbxyZXjz+1KgoB3wDUb6vlszIc=
github.com/felixge/httpsnoop v1.0.4 h1:NFTV2Zj1bL4mc9sqWACXbQFVBBg2W3GPvqp8/ESS2Wg=
github.com/felixge/httpsnoop v1.0.4/go.mod h1:m8KPJKqk1gH5J9DgRY2ASl2lWCfGKXixSwevea8zH2U=
github.com/go-logr/logr v1.2.2/go.mod h1:jdQByPbusPIv2/zmleS9BjJVeZ6kBagPoEUsqbVz/1A=
github.com/go-logr/logr v1.4.3 h1:CjnDlHq8ikf6E492q6eKboGOC0T8CDaOvkHCIg8idEI=
github.com/go-logr/logr v1.4.3/go.mod h1:9T104GzyrTigFIr8wt5mBrctHMim0Nb2HLGrmQ40KvY=
github.com/go-logr/stdr v1.2.2 h1:hSWxHoqTgW2S2qGc0LTAI563KZ5YKYRhT3MFKZMbjag=
github.com/go-logr/stdr v1.2.2/go.mod h1:mMo/vtBO5dYbehREoey6XUKy/eSumjCCveDpRre4VKE=
github.com/golang/protobuf v1.5.4 h1:i7eJL8qZTpSEXOPTxNKhASYpMn+8e5Q6AdndVa1dWek=
github.com/golang/protobuf v1.5.4/go.mod h1:lnTiLA8Wa4RWRcIUkrtSVa5nRhsEGBg48fD6rSs7xps=
github.com/google/go-cmp v0.7.0 h1:wk8382ETsv4JYUZwIsn6YpYiWiBsYLSJiTsyBybVuN8=
github.com/google/go-cmp v0.7.0/go.mod h1:pXiqmnSA92OHEEa9HXL2W4E7lf9JzCmGVUdgjX3N/iU=
github.com/google/uuid v1.6.0 h1:NIvaJDMOsjHA8n1jAhLSgzrAzy1Hgr+hNrb57e+94F0=
github.com/google/uuid v1.6.0/go.mod h1:TIyPZe4MgqvfeYDBFedMoGGpEw/LqOeaOT+nhxU+yHo=
github.com/gorilla/websocket v1.5.3 h1:saDtZ6Pbx/0u+bgYQ3q96pZgCzfhKXGPqt7kZ72aNNg=
github.com/gorilla/websocket v1.5.3/go.mod h1:YR8l580nyteQvAITg2hZ9XVh4b55+EU/adAjf1fMHhE=
github.com/grpc-ecosystem/grpc-gateway/v2 v2.28.0 h1:HWRh5R2+9EifMyIHV7ZV+MIZqgz+PMpZ14Jynv3O2Zs=
github.com/grpc-ecosystem/grpc-gateway/v2 v2.28.0/go.mod h1:JfhWUomR1baixubs02l85lZYYOm7LV6om4ceouMv45c=
github.com/klauspost/compress v1.15.9 h1:wKRjX6JRtDdrE9qwa4b/Cip7ACOshUI4smpCQanqjSY=
github.com/klauspost/compress v1.15.9/go.mod h1:PhcZ0MbTNciWF3rruxRgKxI5NkcHHrHUDtV4Yw2GlzU=
github.com/pierrec/lz4/v4 v4.1.15 h1:MO0/ucJhngq7299dKLwIMtgTfbkoSPF6AoMYDd8Q4q0=
github.com/pierrec/lz4/v4 v4.1.15/go.mod h1:gZWDp/Ze/IJXGXf23ltt2EXimqmTUXEy0GFuRQyBid4=
github.com/pmezard/go-difflib v1.0.0 h1:4DBwDE0NGyQoBHbLQYPwSUPoCMWR5BEzIk/f1lZbAQM=
github.com/pmezard/go-difflib v1.0.0/go.mod h1:iKH77koFhYxTK1pcRnkKkqfTogsbg7gZNVY4sRDYZ/4=
github.com/prometheus/client_golang v1.19.0 h1:ygXvpU1AoN1MhdzckN+PyD9QJOSD4x7kmXYlnfbA6JU=
github.com/prometheus/client_golang v1.19.0/go.mod h1:ZRM9uEAypZakd+q/x7+gmsvXdURP+DABIEIjnmDdp+k=
github.com/prometheus/client_model v0.5.0 h1:VQw1hfvPvk3Uv6Qf29VrPF32JB6rtbgI6cYPYQjL0Qw=
github.com/prometheus/client_model v0.5.0/go.mod h1:dTiFglRmd66nLR9Pv9f0mZi7B7fk5Pm3gvsjB5tr+kI=
github.com/prometheus/common v0.48.0 h1:QO8U2CdOzSn1BBsmXJXduaaW+dY/5QLjfB8svtSzKKE=
github.com/prometheus/common v0.48.0/go.mod h1:0/KsvlIEfPQCQ5I2iNSAWKPZziNCvRs5EC6ILDTlAPc=
github.com/prometheus/procfs v0.12.0 h1:jluTpSng7V9hY0O2R9DzzJHYb2xULk9VTR1V1R/k6Bo=
github.com/prometheus/procfs v0.12.0/go.mod h1:pcuDEFsWDnvcgNzo4EEweacyhjeA9Zk3cnaOZAZEfOo=
github.com/redis/go-redis/v9 v9.5.5 h1:51VEyMF8eOO+NUHFm8fpg+IOc1xFuFOhxs3R+kPu1FM=
github.com/redis/go-redis/v9 v9.5.5/go.mod h1:hdY0cQFCN4fnSYT6TkisLufl/4W5UIXyv0b/CLO2V2M=
github.com/segmentio/kafka-go v0.4.50 h1:mcyC3tT5WeyWzrFbd6O374t+hmcu1NKt2Pu1L3QaXmc=
github.com/segmentio/kafka-go v0.4.50/go.mod h1:Y1gn60kzLEEaW28YshXyk2+VCUKbJ3Qr6DrnT3i4+9E=
github.com/stretchr/testify v1.11.1 h1:7s2iGBzp5EwR7/aIZr8ao5+dra3wiQyKjjFuvgVKu7U=
github.com/stretchr/testify v1.11.1/go.mod h1:wZwfW3scLgRK+23gO65QZefKpKQRnfz6sD981Nm4B6U=
github.com/xdg-go/pbkdf2 v1.0.0 h1:Su7DPu48wXMwC3bs7MCNG+z4FhcyEuz5dlvchbq0B0c=
github.com/xdg-go/pbkdf2 v1.0.0/go.mod h1:jrpuAogTd400dnrH08LKmI/xc1MbPOebTwRqcT5RDeI=
github.com/xdg-go/scram v1.1.2 h1:FHX5I5B4i4hKRVRBCFRxq1iQRej7WO3hhBuJf+UUySY=
github.com/xdg-go/scram v1.1.2/go.mod h1:RT/sEzTbU5y00aCK8UOx6R7YryM0iF1N2MOmC3kKLN4=
github.com/xdg-go/stringprep v1.0.4 h1:XLI/Ng3O1Atzq0oBs3TWm+5ZVgkq2aqdlvP9JtoZ6c8=
github.com/xdg-go/stringprep v1.0.4/go.mod h1:mPGuuIYwz7CmR2bT9j4GbQqutWS1zV24gijq1dTyGkM=
go.opentelemetry.io/auto/sdk v1.2.1 h1:jXsnJ4Lmnqd11kwkBV2LgLoFMZKizbCi5fNZ/ipaZ64=
go.opentelemetry.io/auto/sdk v1.2.1/go.mod h1:KRTj+aOaElaLi+wW1kO/DZRXwkF4C5xPbEe3ZiIhN7Y=
go.opentelemetry.io/contrib/instrumentation/net/http/otelhttp v0.50.0 h1:cEPbyTSEHlQR89XVlyo78gqluF8Y3oMeBkXGWzQsfXY=
go.opentelemetry.io/contrib/instrumentation/net/http/otelhttp v0.50.0/go.mod h1:DKdbWcT4GH1D0Y3Sqt/PFXt2naRKDWtU+eE6oLdFNA8=
go.opentelemetry.io/otel v1.42.0 h1:lSQGzTgVR3+sgJDAU/7/ZMjN9Z+vUip7leaqBKy4sho=
go.opentelemetry.io/otel v1.42.0/go.mod h1:lJNsdRMxCUIWuMlVJWzecSMuNjE7dOYyWlqOXWkdqCc=
go.opentelemetry.io/otel/exporters/otlp/otlptrace v1.41.0 h1:ao6Oe+wSebTlQ1OEht7jlYTzQKE+pnx/iNywFvTbuuI=
go.opentelemetry.io/otel/exporters/otlp/otlptrace v1.41.0/go.mod h1:u3T6vz0gh/NVzgDgiwkgLxpsSF6PaPmo2il0apGJbls=
go.opentelemetry.io/otel/exporters/otlp/otlptrace/otlptracegrpc v1.41.0 h1:mq/Qcf28TWz719lE3/hMB4KkyDuLJIvgJnFGcd0kEUI=
go.opentelemetry.io/otel/exporters/otlp/otlptrace/otlptracegrpc v1.41.0/go.mod h1:yk5LXEYhsL2htyDNJbEq7fWzNEigeEdV5xBF/Y+kAv0=
go.opentelemetry.io/otel/metric v1.42.0 h1:2jXG+3oZLNXEPfNmnpxKDeZsFI5o4J+nz6xUlaFdF/4=
go.opentelemetry.io/otel/metric v1.42.0/go.mod h1:RlUN/7vTU7Ao/diDkEpQpnz3/92J9ko05BIwxYa2SSI=
go.opentelemetry.io/otel/sdk v1.41.0 h1:YPIEXKmiAwkGl3Gu1huk1aYWwtpRLeskpV+wPisxBp8=
go.opentelemetry.io/otel/sdk v1.41.0/go.mod h1:ahFdU0G5y8IxglBf0QBJXgSe7agzjE4GiTJ6HT9ud90=
go.opentelemetry.io/otel/sdk/metric v1.41.0 h1:siZQIYBAUd1rlIWQT2uCxWJxcCO7q3TriaMlf08rXw8=
go.opentelemetry.io/otel/sdk/metric v1.41.0/go.mod h1:HNBuSvT7ROaGtGI50ArdRLUnvRTRGniSUZbxiWxSO8Y=
go.opentelemetry.io/otel/trace v1.42.0 h1:OUCgIPt+mzOnaUTpOQcBiM/PLQ/Op7oq6g4LenLmOYY=
go.opentelemetry.io/otel/trace v1.42.0/go.mod h1:f3K9S+IFqnumBkKhRJMeaZeNk9epyhnCmQh/EysQCdc=
go.opentelemetry.io/proto/otlp v1.9.0 h1:l706jCMITVouPOqEnii2fIAuO3IVGBRPV5ICjceRb/A=
go.opentelemetry.io/proto/otlp v1.9.0/go.mod h1:xE+Cx5E/eEHw+ISFkwPLwCZefwVjY+pqKg1qcK03+/4=
go.uber.org/goleak v1.3.0 h1:2K3zAYmnTNqV73imy9J1T3WC+gmCePx2hEGkimedGto=
go.uber.org/goleak v1.3.0/go.mod h1:CoHD4mav9JJNrW/WLlf7HGZPjdw8EucARQHekz1X6bE=
golang.org/x/net v0.50.0 h1:ucWh9eiCGyDR3vtzso0WMQinm2Dnt8cFMuQa9K33J60=
golang.org/x/net v0.50.0/go.mod h1:UgoSli3F/pBgdJBHCTc+tp3gmrU4XswgGRgtnwWTfyM=
golang.org/x/sys v0.41.0 h1:Ivj+2Cp/ylzLiEU89QhWblYnOE9zerudt9Ftecq2C6k=
golang.org/x/sys v0.41.0/go.mod h1:OgkHotnGiDImocRcuBABYBEXf8A9a87e/uXjp9XT3ks=
golang.org/x/text v0.34.0 h1:oL/Qq0Kdaqxa1KbNeMKwQq0reLCCaFtqu2eNuSeNHbk=
golang.org/x/text v0.34.0/go.mod h1:homfLqTYRFyVYemLBFl5GgL/DWEiH5wcsQ5gSh1yziA=
gonum.org/v1/gonum v0.16.0 h1:5+ul4Swaf3ESvrOnidPp4GZbzf0mxVQpDCYUQE7OJfk=
gonum.org/v1/gonum v0.16.0/go.mod h1:fef3am4MQ93R2HHpKnLk4/Tbh/s0+wqD5nfa6Pnwy4E=
google.golang.org/genproto/googleapis/api v0.0.0-20260209200024-4cfbd4190f57 h1:JLQynH/LBHfCTSbDWl+py8C+Rg/k1OVH3xfcaiANuF0=
google.golang.org/genproto/googleapis/api v0.0.0-20260209200024-4cfbd4190f57/go.mod h1:kSJwQxqmFXeo79zOmbrALdflXQeAYcUbgS7PbpMknCY=
google.golang.org/genproto/googleapis/rpc v0.0.0-20260209200024-4cfbd4190f57 h1:mWPCjDEyshlQYzBpMNHaEof6UX1PmHcaUODUywQ0uac=
google.golang.org/genproto/googleapis/rpc v0.0.0-20260209200024-4cfbd4190f57/go.mod h1:j9x/tPzZkyxcgEFkiKEEGxfvyumM01BEtsW8xzOahRQ=
google.golang.org/grpc v1.79.1 h1:zGhSi45ODB9/p3VAawt9a+O/MULLl9dpizzNNpq7flY=
google.golang.org/grpc v1.79.1/go.mod h1:KmT0Kjez+0dde/v2j9vzwoAScgEPx/Bw1CYChhHLrHQ=
google.golang.org/protobuf v1.36.11 h1:fV6ZwhNocDyBLK0dj+fg8ektcVegBBuEolpbTQyBNVE=
google.golang.org/protobuf v1.36.11/go.mod h1:HTf+CrKn2C3g5S8VImy6tdcUvCska2kB7j23XfzDpco=
gopkg.in/yaml.v3 v3.0.1 h1:fxVm/GzAzEWqLHuvctI91KS9hhNmmWOoWu0XTYJS7CA=
gopkg.in/yaml.v3 v3.0.1/go.mod h1:K4uyk7z7BCEPqu6E+C64Yfv1cQ7kz7rIZviUmN+EgEM=
